<?xml version="1.0" encoding="UTF-8"?>
<CONFIG>
  <ProjectOptions>
    <Version Value="10"/>
    <PathDelim Value="\"/>
    <General>
      <SessionStorage Value="InProjectDir"/>
      <MainUnit Value="0"/>
      <Title Value="rpg_runtime"/>
      <ResourceType Value="res"/>
      <UseXPManifest Value="True"/>
      <Icon Value="0"/>
    </General>
    <BuildModes Count="1">
      <Item1 Name="Default" Default="True"/>
    </BuildModes>
    <PublishOptions>
      <Version Value="2"/>
    </PublishOptions>
    <RunParams>
      <local>
        <FormatVersion Value="1"/>
      </local>
    </RunParams>
    <RequiredPackages Count="3">
      <Item1>
        <PackageName Value="castle_components"/>
      </Item1>
      <Item2>
        <PackageName Value="castle_base"/>
      </Item2>
      <Item3>
        <PackageName Value="LCL"/>
      </Item3>
    </RequiredPackages>
    <Units Count="3">
      <Unit0>
        <Filename Value="rpg_runtime.lpr"/>
        <IsPartOfProject Value="True"/>
      </Unit0>
      <Unit1>
        <Filename Value="mnfrm.pas"/>
        <IsPartOfProject Value="True"/>
        <ComponentName Value="MainGame"/>
        <HasResources Value="True"/>
        <ResourceBaseClass Value="Form"/>
      </Unit1>
      <Unit2>
        <Filename Value="..\sharedcode\rpgtypes.pas"/>
        <IsPartOfProject Value="True"/>
        <UnitName Value="RPGTypes"/>
      </Unit2>
    </Units>
  </ProjectOptions>
  <CompilerOptions>
    <Version Value="11"/>
    <PathDelim Value="\"/>
    <Target>
      <Filename Value="rpg_runtime"/>
    </Target>
    <SearchPaths>
      <IncludeFiles Value="$(ProjOutDir)"/>
      <OtherUnitFiles Value="..\sharedcode"/>
      <UnitOutputDirectory Value="lib\$(TargetCPU)-$(TargetOS)"/>
    </SearchPaths>
    <CodeGeneration>
      <SmartLinkUnit Value="True"/>
      <Optimizations>
        <OptimizationLevel Value="3"/>
      </Optimizations>
      <SmallerCode Value="True"/>
    </CodeGeneration>
    <Linking>
      <Debugging>
        <GenerateDebugInfo Value="False"/>
        <StripSymbols Value="True"/>
      </Debugging>
      <LinkSmart Value="True"/>
      <Options>
        <Win32>
          <GraphicApplication Value="True"/>
        </Win32>
      </Options>
    </Linking>
    <Other>
      <WriteFPCLogo Value="False"/>
    </Other>
  </CompilerOptions>
  <Debugging>
    <Exceptions Count="3">
      <Item1>
        <Name Value="EAbort"/>
      </Item1>
      <Item2>
        <Name Value="ECodetoolError"/>
      </Item2>
      <Item3>
        <Name Value="EFOpenError"/>
      </Item3>
    </Exceptions>
  </Debugging>
</CONFIG>
